// !$*UTF8*$!
{
	archiveVersion = 1;
	classes = {
	};
	objectVersion = 77;
	objects = {

/* Begin PBXContainerItemProxy section */
		182FECD02DBD1E6800DA37F0 /* PBXContainerItemProxy */ = {
			isa = PBXContainerItemProxy;
			containerPortal = 182FECBA2DBD1E6500DA37F0 /* Project object */;
			proxyType = 1;
			remoteGlobalIDString = 182FECC12DBD1E6500DA37F0;
			remoteInfo = "insta-feed";
		};
		182FECDA2DBD1E6900DA37F0 /* PBXContainerItemProxy */ = {
			isa = PBXContainerItemProxy;
			containerPortal = 182FECBA2DBD1E6500DA37F0 /* Project object */;
			proxyType = 1;
			remoteGlobalIDString = 182FECC12DBD1E6500DA37F0;
			remoteInfo = "insta-feed";
		};
/* End PBXContainerItemProxy section */

/* Begin PBXFileReference section */
		182FECC22DBD1E6500DA37F0 /* insta-feed.app */ = {isa = PBXFileReference; explicitFileType = wrapper.application; includeInIndex = 0; path = "insta-feed.app"; sourceTree = BUILT_PRODUCTS_DIR; };
		182FECCF2DBD1E6800DA37F0 /* insta-feedTests.xctest */ = {isa = PBXFileReference; explicitFileType = wrapper.cfbundle; includeInIndex = 0; path = "insta-feedTests.xctest"; sourceTree = BUILT_PRODUCTS_DIR; };
		182FECD92DBD1E6900DA37F0 /* insta-feedUITests.xctest */ = {isa = PBXFileReference; explicitFileType = wrapper.cfbundle; includeInIndex = 0; path = "insta-feedUITests.xctest"; sourceTree = BUILT_PRODUCTS_DIR; };
/* End PBXFileReference section */

/* Begin PBXFileSystemSynchronizedBuildFileExceptionSet section */
		18CFF6992DBD8D510066D6A5 /* Exceptions for "insta-feed" folder in "insta-feedTests" target */ = {
			isa = PBXFileSystemSynchronizedBuildFileExceptionSet;
			membershipExceptions = (
				Features/MediaFeed/Data/Post.swift,
			);
			target = 182FECCE2DBD1E6800DA37F0 /* insta-feedTests */;
		};
		18CFF69B2DBD8DE10066D6A5 /* Exceptions for "insta-feedTests" folder in "insta-feed" target */ = {
			isa = PBXFileSystemSynchronizedBuildFileExceptionSet;
			membershipExceptions = (
				featureTests/MediaFeedTests/MediaFixtures.swift,
			);
			target = 182FECC12DBD1E6500DA37F0 /* insta-feed */;
		};
/* End PBXFileSystemSynchronizedBuildFileExceptionSet section */

/* Begin PBXFileSystemSynchronizedRootGroup section */
		182FECC42DBD1E6500DA37F0 /* insta-feed */ = {
			isa = PBXFileSystemSynchronizedRootGroup;
			exceptions = (
				18CFF6992DBD8D510066D6A5 /* Exceptions for "insta-feed" folder in "insta-feedTests" target */,
			);
			path = "insta-feed";
			sourceTree = "<group>";
		};
		182FECD22DBD1E6800DA37F0 /* insta-feedTests */ = {
			isa = PBXFileSystemSynchronizedRootGroup;
			exceptions = (
				18CFF69B2DBD8DE10066D6A5 /* Exceptions for "insta-feedTests" folder in "insta-feed" target */,
			);
			path = "insta-feedTests";
			sourceTree = "<group>";
		};
		182FECDC2DBD1E6900DA37F0 /* insta-feedUITests */ = {
			isa = PBXFileSystemSynchronizedRootGroup;
			path = "insta-feedUITests";
			sourceTree = "<group>";
		};
/* End PBXFileSystemSynchronizedRootGroup section */

/* Begin PBXFrameworksBuildPhase section */
		182FECBF2DBD1E6500DA37F0 /* Frameworks */ = {
			isa = PBXFrameworksBuildPhase;
			buildActionMask = 2147483647;
			files = (
			);
			runOnlyForDeploymentPostprocessing = 0;
		};
		182FECCC2DBD1E6800DA37F0 /* Frameworks */ = {
			isa = PBXFrameworksBuildPhase;
			buildActionMask = 2147483647;
			files = (
			);
			runOnlyForDeploymentPostprocessing = 0;
		};
		182FECD62DBD1E6900DA37F0 /* Frameworks */ = {
			isa = PBXFrameworksBuildPhase;
			buildActionMask = 2147483647;
			files = (
			);
			runOnlyForDeploymentPostprocessing = 0;
		};
/* End PBXFrameworksBuildPhase section */

/* Begin PBXGroup section */
		182FECB92DBD1E6500DA37F0 = {
			isa = PBXGroup;
			children = (
				182FECC42DBD1E6500DA37F0 /* insta-feed */,
				182FECD22DBD1E6800DA37F0 /* insta-feedTests */,
				182FECDC2DBD1E6900DA37F0 /* insta-feedUITests */,
				182FECC32DBD1E6500DA37F0 /* Products */,
			);
			sourceTree = "<group>";
		};
		182FECC32DBD1E6500DA37F0 /* Products */ = {
			isa = PBXGroup;
			children = (
				182FECC22DBD1E6500DA37F0 /* insta-feed.app */,
				182FECCF2DBD1E6800DA37F0 /* insta-feedTests.xctest */,
				182FECD92DBD1E6900DA37F0 /* insta-feedUITests.xctest */,
			);
			name = Products;
			sourceTree = "<group>";
		};
/* End PBXGroup section */

/* Begin PBXNativeTarget section */
		182FECC12DBD1E6500DA37F0 /* insta-feed */ = {
			isa = PBXNativeTarget;
			buildConfigurationList = 182FECE32DBD1E6900DA37F0 /* Build configuration list for PBXNativeTarget "insta-feed" */;
			buildPhases = (
				182FECBE2DBD1E6500DA37F0 /* Sources */,
				182FECBF2DBD1E6500DA37F0 /* Frameworks */,
				182FECC02DBD1E6500DA37F0 /* Resources */,
			);
			buildRules = (
			);
			dependencies = (
			);
			fileSystemSynchronizedGroups = (
				182FECC42DBD1E6500DA37F0 /* insta-feed */,
			);
			name = "insta-feed";
			packageProductDependencies = (
			);
			productName = "insta-feed";
			productReference = 182FECC22DBD1E6500DA37F0 /* insta-feed.app */;
			productType = "com.apple.product-type.application";
		};
		182FECCE2DBD1E6800DA37F0 /* insta-feedTests */ = {
			isa = PBXNativeTarget;
			buildConfigurationList = 182FECE62DBD1E6900DA37F0 /* Build configuration list for PBXNativeTarget "insta-feedTests" */;
			buildPhases = (
				182FECCB2DBD1E6800DA37F0 /* Sources */,
				182FECCC2DBD1E6800DA37F0 /* Frameworks */,
				182FECCD2DBD1E6800DA37F0 /* Resources */,
			);
			buildRules = (
			);
			dependencies = (
				182FECD12DBD1E6800DA37F0 /* PBXTargetDependency */,
			);
			fileSystemSynchronizedGroups = (
				182FECD22DBD1E6800DA37F0 /* insta-feedTests */,
			);
			name = "insta-feedTests";
			packageProductDependencies = (
			);
			productName = "insta-feedTests";
			productReference = 182FECCF2DBD1E6800DA37F0 /* insta-feedTests.xctest */;
			productType = "com.apple.product-type.bundle.unit-test";
		};
		182FECD82DBD1E6900DA37F0 /* insta-feedUITests */ = {
			isa = PBXNativeTarget;
			buildConfigurationList = 182FECE92DBD1E6900DA37F0 /* Build configuration list for PBXNativeTarget "insta-feedUITests" */;
			buildPhases = (
				182FECD52DBD1E6900DA37F0 /* Sources */,
				182FECD62DBD1E6900DA37F0 /* Frameworks */,
				182FECD72DBD1E6900DA37F0 /* Resources */,
			);
			buildRules = (
			);
			dependencies = (
				182FECDB2DBD1E6900DA37F0 /* PBXTargetDependency */,
			);
			fileSystemSynchronizedGroups = (
				182FECDC2DBD1E6900DA37F0 /* insta-feedUITests */,
			);
			name = "insta-feedUITests";
			packageProductDependencies = (
			);
			productName = "insta-feedUITests";
			productReference = 182FECD92DBD1E6900DA37F0 /* insta-feedUITests.xctest */;
			productType = "com.apple.product-type.bundle.ui-testing";
		};
/* End PBXNativeTarget section */

/* Begin PBXProject section */
		182FECBA2DBD1E6500DA37F0 /* Project object */ = {
			isa = PBXProject;
			attributes = {
				BuildIndependentTargetsInParallel = 1;
				LastSwiftUpdateCheck = 1630;
				LastUpgradeCheck = 1630;
				TargetAttributes = {
					182FECC12DBD1E6500DA37F0 = {
						CreatedOnToolsVersion = 16.3;
					};
					182FECCE2DBD1E6800DA37F0 = {
						CreatedOnToolsVersion = 16.3;
						TestTargetID = 182FECC12DBD1E6500DA37F0;
					};
					182FECD82DBD1E6900DA37F0 = {
						CreatedOnToolsVersion = 16.3;
						TestTargetID = 182FECC12DBD1E6500DA37F0;
					};
				};
			};
			buildConfigurationList = 182FECBD2DBD1E6500DA37F0 /* Build configuration list for PBXProject "insta-feed" */;
			developmentRegion = en;
			hasScannedForEncodings = 0;
			knownRegions = (
				en,
				Base,
			);
			mainGroup = 182FECB92DBD1E6500DA37F0;
			minimizedProjectReferenceProxies = 1;
			preferredProjectObjectVersion = 77;
			productRefGroup = 182FECC32DBD1E6500DA37F0 /* Products */;
			projectDirPath = "";
			projectRoot = "";
			targets = (
				182FECC12DBD1E6500DA37F0 /* insta-feed */,
				182FECCE2DBD1E6800DA37F0 /* insta-feedTests */,
				182FECD82DBD1E6900DA37F0 /* insta-feedUITests */,
			);
		};
/* End PBXProject section */

/* Begin PBXResourcesBuildPhase section */
		182FECC02DBD1E6500DA37F0 /* Resources */ = {
			isa = PBXResourcesBuildPhase;
			buildActionMask = 2147483647;
			files = (
			);
			runOnlyForDeploymentPostprocessing = 0;
		};
		182FECCD2DBD1E6800DA37F0 /* Resources */ = {
			isa = PBXResourcesBuildPhase;
			buildActionMask = 2147483647;
			files = (
			);
			runOnlyForDeploymentPostprocessing = 0;
		};
		182FECD72DBD1E6900DA37F0 /* Resources */ = {
			isa = PBXResourcesBuildPhase;
			buildActionMask = 2147483647;
			files = (
			);
			runOnlyForDeploymentPostprocessing = 0;
		};
/* End PBXResourcesBuildPhase section */

/* Begin PBXSourcesBuildPhase section */
		182FECBE2DBD1E6500DA37F0 /* Sources */ = {
			isa = PBXSourcesBuildPhase;
			buildActionMask = 2147483647;
			files = (
			);
			runOnlyForDeploymentPostprocessing = 0;
		};
		182FECCB2DBD1E6800DA37F0 /* Sources */ = {
			isa = PBXSourcesBuildPhase;
			buildActionMask = 2147483647;
			files = (
			);
			runOnlyForDeploymentPostprocessing = 0;
		};
		182FECD52DBD1E6900DA37F0 /* Sources */ = {
			isa = PBXSourcesBuildPhase;
			buildActionMask = 2147483647;
			files = (
			);
			runOnlyForDeploymentPostprocessing = 0;
		};
/* End PBXSourcesBuildPhase section */

/* Begin PBXTargetDependency section */
		182FECD12DBD1E6800DA37F0 /* PBXTargetDependency */ = {
			isa = PBXTargetDependency;
			target = 182FECC12DBD1E6500DA37F0 /* insta-feed */;
			targetProxy = 182FECD02DBD1E6800DA37F0 /* PBXContainerItemProxy */;
		};
		182FECDB2DBD1E6900DA37F0 /* PBXTargetDependency */ = {
			isa = PBXTargetDependency;
			target = 182FECC12DBD1E6500DA37F0 /* insta-feed */;
			targetProxy = 182FECDA2DBD1E6900DA37F0 /* PBXContainerItemProxy */;
		};
/* End PBXTargetDependency section */

/* Begin XCBuildConfiguration section */
		182FECE12DBD1E6900DA37F0 /* Debug */ = {
			isa = XCBuildConfiguration;
			buildSettings = {
				ALWAYS_SEARCH_USER_PATHS = NO;
				ASSETCATALOG_COMPILER_GENERATE_SWIFT_ASSET_SYMBOL_EXTENSIONS = YES;
				CLANG_ANALYZER_NONNULL = YES;
				CLANG_ANALYZER_NUMBER_OBJECT_CONVERSION = YES_AGGRESSIVE;
				CLANG_CXX_LANGUAGE_STANDARD = "gnu++20";
				CLANG_ENABLE_MODULES = YES;
				CLANG_ENABLE_OBJC_ARC = YES;
				CLANG_ENABLE_OBJC_WEAK = YES;
				CLANG_WARN_BLOCK_CAPTURE_AUTORELEASING = YES;
				CLANG_WARN_BOOL_CONVERSION = YES;
				CLANG_WARN_COMMA = YES;
				CLANG_WARN_CONSTANT_CONVERSION = YES;
				CLANG_WARN_DEPRECATED_OBJC_IMPLEMENTATIONS = YES;
				CLANG_WARN_DIRECT_OBJC_ISA_USAGE = YES_ERROR;
				CLANG_WARN_DOCUMENTATION_COMMENTS = YES;
				CLANG_WARN_EMPTY_BODY = YES;
				CLANG_WARN_ENUM_CONVERSION = YES;
				CLANG_WARN_INFINITE_RECURSION = YES;
				CLANG_WARN_INT_CONVERSION = YES;
				CLANG_WARN_NON_LITERAL_NULL_CONVERSION = YES;
				CLANG_WARN_OBJC_IMPLICIT_RETAIN_SELF = YES;
				CLANG_WARN_OBJC_LITERAL_CONVERSION = YES;
				CLANG_WARN_OBJC_ROOT_CLASS = YES_ERROR;
				CLANG_WARN_QUOTED_INCLUDE_IN_FRAMEWORK_HEADER = YES;
				CLANG_WARN_RANGE_LOOP_ANALYSIS = YES;
				CLANG_WARN_STRICT_PROTOTYPES = YES;
				CLANG_WARN_SUSPICIOUS_MOVE = YES;
				CLANG_WARN_UNGUARDED_AVAILABILITY = YES_AGGRESSIVE;
				CLANG_WARN_UNREACHABLE_CODE = YES;
				CLANG_WARN__DUPLICATE_METHOD_MATCH = YES;
				COPY_PHASE_STRIP = NO;
				DEBUG_INFORMATION_FORMAT = dwarf;
				ENABLE_STRICT_OBJC_MSGSEND = YES;
				ENABLE_TESTABILITY = YES;
				ENABLE_USER_SCRIPT_SANDBOXING = YES;
				GCC_C_LANGUAGE_STANDARD = gnu17;
				GCC_DYNAMIC_NO_PIC = NO;
				GCC_NO_COMMON_BLOCKS = YES;
				GCC_OPTIMIZATION_LEVEL = 0;
				GCC_PREPROCESSOR_DEFINITIONS = (
					"DEBUG=1",
					"$(inherited)",
				);
				GCC_WARN_64_TO_32_BIT_CONVERSION = YES;
				GCC_WARN_ABOUT_RETURN_TYPE = YES_ERROR;
				GCC_WARN_UNDECLARED_SELECTOR = YES;
				GCC_WARN_UNINITIALIZED_AUTOS = YES_AGGRESSIVE;
				GCC_WARN_UNUSED_FUNCTION = YES;
				GCC_WARN_UNUSED_VARIABLE = YES;
				IPHONEOS_DEPLOYMENT_TARGET = 18.4;
				LOCALIZATION_PREFERS_STRING_CATALOGS = YES;
				MTL_ENABLE_DEBUG_INFO = INCLUDE_SOURCE;
				MTL_FAST_MATH = YES;
				ONLY_ACTIVE_ARCH = YES;
				SDKROOT = iphoneos;
				SWIFT_ACTIVE_COMPILATION_CONDITIONS = "DEBUG $(inherited)";
				SWIFT_OPTIMIZATION_LEVEL = "-Onone";
			};
			name = Debug;
		};
		182FECE22DBD1E6900DA37F0 /* Release */ = {
			isa = XCBuildConfiguration;
			buildSettings = {
				ALWAYS_SEARCH_USER_PATHS = NO;
				ASSETCATALOG_COMPILER_GENERATE_SWIFT_ASSET_SYMBOL_EXTENSIONS = YES;
				CLANG_ANALYZER_NONNULL = YES;
				CLANG_ANALYZER_NUMBER_OBJECT_CONVERSION = YES_AGGRESSIVE;
				CLANG_CXX_LANGUAGE_STANDARD = "gnu++20";
				CLANG_ENABLE_MODULES = YES;
				CLANG_ENABLE_OBJC_ARC = YES;
				CLANG_ENABLE_OBJC_WEAK = YES;
				CLANG_WARN_BLOCK_CAPTURE_AUTORELEASING = YES;
				CLANG_WARN_BOOL_CONVERSION = YES;
				CLANG_WARN_COMMA = YES;
				CLANG_WARN_CONSTANT_CONVERSION = YES;
				CLANG_WARN_DEPRECATED_OBJC_IMPLEMENTATIONS = YES;
				CLANG_WARN_DIRECT_OBJC_ISA_USAGE = YES_ERROR;
				CLANG_WARN_DOCUMENTATION_COMMENTS = YES;
				CLANG_WARN_EMPTY_BODY = YES;
				CLANG_WARN_ENUM_CONVERSION = YES;
				CLANG_WARN_INFINITE_RECURSION = YES;
				CLANG_WARN_INT_CONVERSION = YES;
				CLANG_WARN_NON_LITERAL_NULL_CONVERSION = YES;
				CLANG_WARN_OBJC_IMPLICIT_RETAIN_SELF = YES;
				CLANG_WARN_OBJC_LITERAL_CONVERSION = YES;
				CLANG_WARN_OBJC_ROOT_CLASS = YES_ERROR;
				CLANG_WARN_QUOTED_INCLUDE_IN_FRAMEWORK_HEADER = YES;
				CLANG_WARN_RANGE_LOOP_ANALYSIS = YES;
				CLANG_WARN_STRICT_PROTOTYPES = YES;
				CLANG_WARN_SUSPICIOUS_MOVE = YES;
				CLANG_WARN_UNGUARDED_AVAILABILITY = YES_AGGRESSIVE;
				CLANG_WARN_UNREACHABLE_CODE = YES;
				CLANG_WARN__DUPLICATE_METHOD_MATCH = YES;
				COPY_PHASE_STRIP = NO;
				DEBUG_INFORMATION_FORMAT = "dwarf-with-dsym";
				ENABLE_NS_ASSERTIONS = NO;
				ENABLE_STRICT_OBJC_MSGSEND = YES;
				ENABLE_USER_SCRIPT_SANDBOXING = YES;
				GCC_C_LANGUAGE_STANDARD = gnu17;
				GCC_NO_COMMON_BLOCKS = YES;
				GCC_WARN_64_TO_32_BIT_CONVERSION = YES;
				GCC_WARN_ABOUT_RETURN_TYPE = YES_ERROR;
				GCC_WARN_UNDECLARED_SELECTOR = YES;
				GCC_WARN_UNINITIALIZED_AUTOS = YES_AGGRESSIVE;
				GCC_WARN_UNUSED_FUNCTION = YES;
				GCC_WARN_UNUSED_VARIABLE = YES;
				IPHONEOS_DEPLOYMENT_TARGET = 18.4;
				LOCALIZATION_PREFERS_STRING_CATALOGS = YES;
				MTL_ENABLE_DEBUG_INFO = NO;
				MTL_FAST_MATH = YES;
				SDKROOT = iphoneos;
				SWIFT_COMPILATION_MODE = wholemodule;
				VALIDATE_PRODUCT = YES;
			};
			name = Release;
		};
		182FECE42DBD1E6900DA37F0 /* Debug */ = {
			isa = XCBuildConfiguration;
			buildSettings = {
				ASSETCATALOG_COMPILER_APPICON_NAME = AppIcon;
				ASSETCATALOG_COMPILER_GLOBAL_ACCENT_COLOR_NAME = AccentColor;
				CODE_SIGN_STYLE = Automatic;
				CURRENT_PROJECT_VERSION = 1;
				ENABLE_PREVIEWS = YES;
				GENERATE_INFOPLIST_FILE = YES;
				INFOPLIST_KEY_UIApplicationSceneManifest_Generation = YES;
				INFOPLIST_KEY_UIApplicationSupportsIndirectInputEvents = YES;
				INFOPLIST_KEY_UILaunchScreen_Generation = YES;
				INFOPLIST_KEY_UISupportedInterfaceOrientations_iPad = "UIInterfaceOrientationPortrait UIInterfaceOrientationPortraitUpsideDown UIInterfaceOrientationLandscapeLeft UIInterfaceOrientationLandscapeRight";
				INFOPLIST_KEY_UISupportedInterfaceOrientations_iPhone = "UIInterfaceOrientationPortrait UIInterfaceOrientationLandscapeLeft UIInterfaceOrientationLandscapeRight";
				LD_RUNPATH_SEARCH_PATHS = (
					"$(inherited)",
					"@executable_path/Frameworks",
				);
				MARKETING_VERSION = 1.0;
				PRODUCT_BUNDLE_IDENTIFIER = "com.home.insta-feed";
				PRODUCT_NAME = "$(TARGET_NAME)";
				SWIFT_EMIT_LOC_STRINGS = YES;
				SWIFT_VERSION = 5.0;
				TARGETED_DEVICE_FAMILY = "1,2";
			};
			name = Debug;
		};
		182FECE52DBD1E6900DA37F0 /* Release */ = {
			isa = XCBuildConfiguration;
			buildSettings = {
				ASSETCATALOG_COMPILER_APPICON_NAME = AppIcon;
				ASSETCATALOG_COMPILER_GLOBAL_ACCENT_COLOR_NAME = AccentColor;
				CODE_SIGN_STYLE = Automatic;
				CURRENT_PROJECT_VERSION = 1;
				ENABLE_PREVIEWS = YES;
				GENERATE_INFOPLIST_FILE = YES;
				INFOPLIST_KEY_UIApplicationSceneManifest_Generation = YES;
				INFOPLIST_KEY_UIApplicationSupportsIndirectInputEvents = YES;
				INFOPLIST_KEY_UILaunchScreen_Generation = YES;
				INFOPLIST_KEY_UISupportedInterfaceOrientations_iPad = "UIInterfaceOrientationPortrait UIInterfaceOrientationPortraitUpsideDown UIInterfaceOrientationLandscapeLeft UIInterfaceOrientationLandscapeRight";
				INFOPLIST_KEY_UISupportedInterfaceOrientations_iPhone = "UIInterfaceOrientationPortrait UIInterfaceOrientationLandscapeLeft UIInterfaceOrientationLandscapeRight";
				LD_RUNPATH_SEARCH_PATHS = (
					"$(inherited)",
					"@executable_path/Frameworks",
				);
				MARKETING_VERSION = 1.0;
				PRODUCT_BUNDLE_IDENTIFIER = "com.home.insta-feed";
				PRODUCT_NAME = "$(TARGET_NAME)";
				SWIFT_EMIT_LOC_STRINGS = YES;
				SWIFT_VERSION = 5.0;
				TARGETED_DEVICE_FAMILY = "1,2";
			};
			name = Release;
		};
		182FECE72DBD1E6900DA37F0 /* Debug */ = {
			isa = XCBuildConfiguration;
			buildSettings = {
				BUNDLE_LOADER = "$(TEST_HOST)";
				CODE_SIGN_STYLE = Automatic;
				CURRENT_PROJECT_VERSION = 1;
				GENERATE_INFOPLIST_FILE = YES;
				IPHONEOS_DEPLOYMENT_TARGET = 18.4;
				MARKETING_VERSION = 1.0;
				PRODUCT_BUNDLE_IDENTIFIER = "com.home.insta-feedTests";
				PRODUCT_NAME = "$(TARGET_NAME)";
				SWIFT_EMIT_LOC_STRINGS = NO;
				SWIFT_VERSION = 5.0;
				TARGETED_DEVICE_FAMILY = "1,2";
				TEST_HOST = "$(BUILT_PRODUCTS_DIR)/insta-feed.app/$(BUNDLE_EXECUTABLE_FOLDER_PATH)/insta-feed";
			};
			name = Debug;
		};
		182FECE82DBD1E6900DA37F0 /* Release */ = {
			isa = XCBuildConfiguration;
			buildSettings = {
				BUNDLE_LOADER = "$(TEST_HOST)";
				CODE_SIGN_STYLE = Automatic;
				CURRENT_PROJECT_VERSION = 1;
				GENERATE_INFOPLIST_FILE = YES;
				IPHONEOS_DEPLOYMENT_TARGET = 18.4;
				MARKETING_VERSION = 1.0;
				PRODUCT_BUNDLE_IDENTIFIER = "com.home.insta-feedTests";
				PRODUCT_NAME = "$(TARGET_NAME)";
				SWIFT_EMIT_LOC_STRINGS = NO;
				SWIFT_VERSION = 5.0;
				TARGETED_DEVICE_FAMILY = "1,2";
				TEST_HOST = "$(BUILT_PRODUCTS_DIR)/insta-feed.app/$(BUNDLE_EXECUTABLE_FOLDER_PATH)/insta-feed";
			};
			name = Release;
		};
		182FECEA2DBD1E6900DA37F0 /* Debug */ = {
			isa = XCBuildConfiguration;
			buildSettings = {
				CODE_SIGN_STYLE = Automatic;
				CURRENT_PROJECT_VERSION = 1;
				GENERATE_INFOPLIST_FILE = YES;
				MARKETING_VERSION = 1.0;
				PRODUCT_BUNDLE_IDENTIFIER = "com.home.insta-feedUITests";
				PRODUCT_NAME = "$(TARGET_NAME)";
				SWIFT_EMIT_LOC_STRINGS = NO;
				SWIFT_VERSION = 5.0;
				TARGETED_DEVICE_FAMILY = "1,2";
				TEST_TARGET_NAME = "insta-feed";
			};
			name = Debug;
		};
		182FECEB2DBD1E6900DA37F0 /* Release */ = {
			isa = XCBuildConfiguration;
			buildSettings = {
				CODE_SIGN_STYLE = Automatic;
				CURRENT_PROJECT_VERSION = 1;
				GENERATE_INFOPLIST_FILE = YES;
				MARKETING_VERSION = 1.0;
				PRODUCT_BUNDLE_IDENTIFIER = "com.home.insta-feedUITests";
				PRODUCT_NAME = "$(TARGET_NAME)";
				SWIFT_EMIT_LOC_STRINGS = NO;
				SWIFT_VERSION = 5.0;
				TARGETED_DEVICE_FAMILY = "1,2";
				TEST_TARGET_NAME = "insta-feed";
			};
			name = Release;
		};
/* End XCBuildConfiguration section */

/* Begin XCConfigurationList section */
		182FECBD2DBD1E6500DA37F0 /* Build configuration list for PBXProject "insta-feed" */ = {
			isa = XCConfigurationList;
			buildConfigurations = (
				182FECE12DBD1E6900DA37F0 /* Debug */,
				182FECE22DBD1E6900DA37F0 /* Release */,
			);
			defaultConfigurationIsVisible = 0;
			defaultConfigurationName = Release;
		};
		182FECE32DBD1E6900DA37F0 /* Build configuration list for PBXNativeTarget "insta-feed" */ = {
			isa = XCConfigurationList;
			buildConfigurations = (
				182FECE42DBD1E6900DA37F0 /* Debug */,
				182FECE52DBD1E6900DA37F0 /* Release */,
			);
			defaultConfigurationIsVisible = 0;
			defaultConfigurationName = Release;
		};
		182FECE62DBD1E6900DA37F0 /* Build configuration list for PBXNativeTarget "insta-feedTests" */ = {
			isa = XCConfigurationList;
			buildConfigurations = (
				182FECE72DBD1E6900DA37F0 /* Debug */,
				182FECE82DBD1E6900DA37F0 /* Release */,
			);
			defaultConfigurationIsVisible = 0;
			defaultConfigurationName = Release;
		};
		182FECE92DBD1E6900DA37F0 /* Build configuration list for PBXNativeTarget "insta-feedUITests" */ = {
			isa = XCConfigurationList;
			buildConfigurations = (
				182FECEA2DBD1E6900DA37F0 /* Debug */,
				182FECEB2DBD1E6900DA37F0 /* Release */,
			);
			defaultConfigurationIsVisible = 0;
			defaultConfigurationName = Release;
		};
/* End XCConfigurationList section */
	};
	rootObject = 182FECBA2DBD1E6500DA37F0 /* Project object */;
}
